
Microsoft Visual Studio Solution File, Format Version 12.00
# Visual Studio Version 17
VisualStudioVersion = 17.5.33424.131
MinimumVisualStudioVersion = 10.0.40219.1
Project("{8BC9CEB8-8B4A-11D0-8D11-00A0C91BC942}") = "tree", "tree\tree.vcxproj", "{54E72C9D-02FB-4ACE-A71A-FF9D1A764339}"
EndProject
Project("{8BC9CEB8-8B4A-11D0-8D11-00A0C91BC942}") = "ThicketApp", "ThicketApp\ThicketApp.vcxproj", "{C9357A4F-74E9-48BF-8D5F-38B447317D8A}"
EndProject
Project("{8BC9CEB8-8B4A-11D0-8D11-00A0C91BC942}") = "ThicketTest", "ThicketTest\ThicketTest.vcxproj", "{40473DB4-1E21-4771-B557-8BEAFAB1B91D}"
EndProject
Global
	GlobalSection(SolutionConfigurationPlatforms) = preSolution
		Debug|x64 = Debug|x64
		Debug|x86 = Debug|x86
		Release|x64 = Release|x64
		Release|x86 = Release|x86
	EndGlobalSection
	GlobalSection(ProjectConfigurationPlatforms) = postSolution
		{54E72C9D-02FB-4ACE-A71A-FF9D1A764339}.Debug|x64.ActiveCfg = Debug|x64
		{54E72C9D-02FB-4ACE-A71A-FF9D1A764339}.Debug|x64.Build.0 = Debug|x64
		{54E72C9D-02FB-4ACE-A71A-FF9D1A764339}.Debug|x86.ActiveCfg = Debug|Win32
		{54E72C9D-02FB-4ACE-A71A-FF9D1A764339}.Debug|x86.Build.0 = Debug|Win32
		{54E72C9D-02FB-4ACE-A71A-FF9D1A764339}.Release|x64.ActiveCfg = Release|x64
		{54E72C9D-02FB-4ACE-A71A-FF9D1A764339}.Release|x64.Build.0 = Release|x64
		{54E72C9D-02FB-4ACE-A71A-FF9D1A764339}.Release|x86.ActiveCfg = Release|Win32
		{54E72C9D-02FB-4ACE-A71A-FF9D1A764339}.Release|x86.Build.0 = Release|Win32
		{C9357A4F-74E9-48BF-8D5F-38B447317D8A}.Debug|x64.ActiveCfg = Debug|x64
		{C9357A4F-74E9-48BF-8D5F-38B447317D8A}.Debug|x64.Build.0 = Debug|x64
		{C9357A4F-74E9-48BF-8D5F-38B447317D8A}.Debug|x86.ActiveCfg = Debug|Win32
		{C9357A4F-74E9-48BF-8D5F-38B447317D8A}.Debug|x86.Build.0 = Debug|Win32
		{C9357A4F-74E9-48BF-8D5F-38B447317D8A}.Release|x64.ActiveCfg = Release|x64
		{C9357A4F-74E9-48BF-8D5F-38B447317D8A}.Release|x64.Build.0 = Release|x64
		{C9357A4F-74E9-48BF-8D5F-38B447317D8A}.Release|x86.ActiveCfg = Release|Win32
		{C9357A4F-74E9-48BF-8D5F-38B447317D8A}.Release|x86.Build.0 = Release|Win32
		{40473DB4-1E21-4771-B557-8BEAFAB1B91D}.Debug|x64.ActiveCfg = Debug|x64
		{40473DB4-1E21-4771-B557-8BEAFAB1B91D}.Debug|x64.Build.0 = Debug|x64
		{40473DB4-1E21-4771-B557-8BEAFAB1B91D}.Debug|x86.ActiveCfg = Debug|Win32
		{40473DB4-1E21-4771-B557-8BEAFAB1B91D}.Debug|x86.Build.0 = Debug|Win32
		{40473DB4-1E21-4771-B557-8BEAFAB1B91D}.Release|x64.ActiveCfg = Release|x64
		{40473DB4-1E21-4771-B557-8BEAFAB1B91D}.Release|x64.Build.0 = Release|x64
		{40473DB4-1E21-4771-B557-8BEAFAB1B91D}.Release|x86.ActiveCfg = Release|Win32
		{40473DB4-1E21-4771-B557-8BEAFAB1B91D}.Release|x86.Build.0 = Release|Win32
	EndGlobalSection
	GlobalSection(SolutionProperties) = preSolution
		HideSolutionNode = FALSE
	EndGlobalSection
	GlobalSection(ExtensibilityGlobals) = postSolution
		SolutionGuid = {8A15F006-FE01-452F-9E0C-19076401EA93}
	EndGlobalSection
EndGlobal
